
Microsoft Visual Studio Solution File, Format Version 12.00
# Visual Studio 15
VisualStudioVersion = 15.0.26730.12
MinimumVisualStudioVersion = 10.0.40219.1
Project("{FAE04EC0-301F-11D3-BF4B-00C04F79EFBC}") = "Jalgrattaeksam", "Jalgrattaeksam\Jalgrattaeksam.csproj", "{63E028ED-EA91-4B30-9FE1-B3B768C80145}"
EndProject
Global
	GlobalSection(SolutionConfigurationPlatforms) = preSolution
		Debug|Any CPU = Debug|Any CPU
		Release|Any CPU = Release|Any CPU
	EndGlobalSection
	GlobalSection(ProjectConfigurationPlatforms) = postSolution
		{63E028ED-EA91-4B30-9FE1-B3B768C80145}.Debug|Any CPU.ActiveCfg = Debug|Any CPU
		{63E028ED-EA91-4B30-9FE1-B3B768C80145}.Debug|Any CPU.Build.0 = Debug|Any CPU
		{63E028ED-EA91-4B30-9FE1-B3B768C80145}.Release|Any CPU.ActiveCfg = Release|Any CPU
		{63E028ED-EA91-4B30-9FE1-B3B768C80145}.Release|Any CPU.Build.0 = Release|Any CPU
	EndGlobalSection
	GlobalSection(SolutionProperties) = preSolution
		HideSolutionNode = FALSE
	EndGlobalSection
	GlobalSection(ExtensibilityGlobals) = postSolution
		SolutionGuid = {F1D7B69E-7485-48B4-9E75-C01153CED5DF}
	EndGlobalSection
EndGlobal
