
Microsoft Visual Studio Solution File, Format Version 12.00
# Visual Studio 15
VisualStudioVersion = 15.0.26730.12
MinimumVisualStudioVersion = 10.0.40219.1
Project("{FAE04EC0-301F-11D3-BF4B-00C04F79EFBC}") = "OdeToFood", "OdeToFood\OdeToFood.csproj", "{475F0253-4FC6-42D9-80E5-61C08DE544F8}"
EndProject
Project("{FAE04EC0-301F-11D3-BF4B-00C04F79EFBC}") = "OdeToFood.Tests", "OdeToFood.Tests\OdeToFood.Tests.csproj", "{8B99F664-74A2-4DCA-91C2-4D0258A55C6D}"
EndProject
Global
	GlobalSection(SolutionConfigurationPlatforms) = preSolution
		Debug|Any CPU = Debug|Any CPU
		Release|Any CPU = Release|Any CPU
	EndGlobalSection
	GlobalSection(ProjectConfigurationPlatforms) = postSolution
		{475F0253-4FC6-42D9-80E5-61C08DE544F8}.Debug|Any CPU.ActiveCfg = Debug|Any CPU
		{475F0253-4FC6-42D9-80E5-61C08DE544F8}.Debug|Any CPU.Build.0 = Debug|Any CPU
		{475F0253-4FC6-42D9-80E5-61C08DE544F8}.Release|Any CPU.ActiveCfg = Release|Any CPU
		{475F0253-4FC6-42D9-80E5-61C08DE544F8}.Release|Any CPU.Build.0 = Release|Any CPU
		{8B99F664-74A2-4DCA-91C2-4D0258A55C6D}.Debug|Any CPU.ActiveCfg = Debug|Any CPU
		{8B99F664-74A2-4DCA-91C2-4D0258A55C6D}.Debug|Any CPU.Build.0 = Debug|Any CPU
		{8B99F664-74A2-4DCA-91C2-4D0258A55C6D}.Release|Any CPU.ActiveCfg = Release|Any CPU
		{8B99F664-74A2-4DCA-91C2-4D0258A55C6D}.Release|Any CPU.Build.0 = Release|Any CPU
	EndGlobalSection
	GlobalSection(SolutionProperties) = preSolution
		HideSolutionNode = FALSE
	EndGlobalSection
	GlobalSection(ExtensibilityGlobals) = postSolution
		SolutionGuid = {D209554C-97CA-454D-BD48-2789EAD17471}
	EndGlobalSection
EndGlobal
