
Microsoft Visual Studio Solution File, Format Version 12.00
# Visual Studio 14
VisualStudioVersion = 14.0.25420.1
MinimumVisualStudioVersion = 10.0.40219.1
Project("{FAE04EC0-301F-11D3-BF4B-00C04F79EFBC}") = "LiideseHarjutused2", "LiideseHarjutused2\LiideseHarjutused2.csproj", "{AAD1E4DF-A391-4425-82CC-58A455A2E29D}"
EndProject
Global
	GlobalSection(SolutionConfigurationPlatforms) = preSolution
		Debug|Any CPU = Debug|Any CPU
		Release|Any CPU = Release|Any CPU
	EndGlobalSection
	GlobalSection(ProjectConfigurationPlatforms) = postSolution
		{AAD1E4DF-A391-4425-82CC-58A455A2E29D}.Debug|Any CPU.ActiveCfg = Debug|Any CPU
		{AAD1E4DF-A391-4425-82CC-58A455A2E29D}.Debug|Any CPU.Build.0 = Debug|Any CPU
		{AAD1E4DF-A391-4425-82CC-58A455A2E29D}.Release|Any CPU.ActiveCfg = Release|Any CPU
		{AAD1E4DF-A391-4425-82CC-58A455A2E29D}.Release|Any CPU.Build.0 = Release|Any CPU
	EndGlobalSection
	GlobalSection(SolutionProperties) = preSolution
		HideSolutionNode = FALSE
	EndGlobalSection
EndGlobal
