
Microsoft Visual Studio Solution File, Format Version 12.00
# Visual Studio 15
VisualStudioVersion = 15.0.26730.12
MinimumVisualStudioVersion = 10.0.40219.1
Project("{FAE04EC0-301F-11D3-BF4B-00C04F79EFBC}") = "Vahendus", "Vahendus\Vahendus.csproj", "{14817A22-50D8-4866-A5D1-A39A94097774}"
EndProject
Global
	GlobalSection(SolutionConfigurationPlatforms) = preSolution
		Debug|Any CPU = Debug|Any CPU
		Release|Any CPU = Release|Any CPU
	EndGlobalSection
	GlobalSection(ProjectConfigurationPlatforms) = postSolution
		{14817A22-50D8-4866-A5D1-A39A94097774}.Debug|Any CPU.ActiveCfg = Debug|Any CPU
		{14817A22-50D8-4866-A5D1-A39A94097774}.Debug|Any CPU.Build.0 = Debug|Any CPU
		{14817A22-50D8-4866-A5D1-A39A94097774}.Release|Any CPU.ActiveCfg = Release|Any CPU
		{14817A22-50D8-4866-A5D1-A39A94097774}.Release|Any CPU.Build.0 = Release|Any CPU
	EndGlobalSection
	GlobalSection(SolutionProperties) = preSolution
		HideSolutionNode = FALSE
	EndGlobalSection
	GlobalSection(ExtensibilityGlobals) = postSolution
		SolutionGuid = {4D46DF1C-1178-418A-8180-D7CE3FC657C2}
	EndGlobalSection
EndGlobal
