
Microsoft Visual Studio Solution File, Format Version 12.00
# Visual Studio 15
VisualStudioVersion = 15.0.26730.12
MinimumVisualStudioVersion = 10.0.40219.1
Project("{FAE04EC0-301F-11D3-BF4B-00C04F79EFBC}") = "AbstractAnimal", "AbstractAnimal\AbstractAnimal.csproj", "{88550A1E-BB83-41F8-A34A-0091403A4233}"
EndProject
Global
	GlobalSection(SolutionConfigurationPlatforms) = preSolution
		Debug|Any CPU = Debug|Any CPU
		Release|Any CPU = Release|Any CPU
	EndGlobalSection
	GlobalSection(ProjectConfigurationPlatforms) = postSolution
		{88550A1E-BB83-41F8-A34A-0091403A4233}.Debug|Any CPU.ActiveCfg = Debug|Any CPU
		{88550A1E-BB83-41F8-A34A-0091403A4233}.Debug|Any CPU.Build.0 = Debug|Any CPU
		{88550A1E-BB83-41F8-A34A-0091403A4233}.Release|Any CPU.ActiveCfg = Release|Any CPU
		{88550A1E-BB83-41F8-A34A-0091403A4233}.Release|Any CPU.Build.0 = Release|Any CPU
	EndGlobalSection
	GlobalSection(SolutionProperties) = preSolution
		HideSolutionNode = FALSE
	EndGlobalSection
	GlobalSection(ExtensibilityGlobals) = postSolution
		SolutionGuid = {09DDCA68-B369-4A57-9A77-8EE35B08E884}
	EndGlobalSection
EndGlobal
