
Microsoft Visual Studio Solution File, Format Version 12.00
# Visual Studio 15
VisualStudioVersion = 15.0.26730.12
MinimumVisualStudioVersion = 10.0.40219.1
Project("{FAE04EC0-301F-11D3-BF4B-00C04F79EFBC}") = "Vahendaja1", "Vahendaja1\Vahendaja1.csproj", "{F01A57A3-772B-45D3-B0C1-D8B5031657AA}"
EndProject
Global
	GlobalSection(SolutionConfigurationPlatforms) = preSolution
		Debug|Any CPU = Debug|Any CPU
		Release|Any CPU = Release|Any CPU
	EndGlobalSection
	GlobalSection(ProjectConfigurationPlatforms) = postSolution
		{F01A57A3-772B-45D3-B0C1-D8B5031657AA}.Debug|Any CPU.ActiveCfg = Debug|Any CPU
		{F01A57A3-772B-45D3-B0C1-D8B5031657AA}.Debug|Any CPU.Build.0 = Debug|Any CPU
		{F01A57A3-772B-45D3-B0C1-D8B5031657AA}.Release|Any CPU.ActiveCfg = Release|Any CPU
		{F01A57A3-772B-45D3-B0C1-D8B5031657AA}.Release|Any CPU.Build.0 = Release|Any CPU
	EndGlobalSection
	GlobalSection(SolutionProperties) = preSolution
		HideSolutionNode = FALSE
	EndGlobalSection
	GlobalSection(ExtensibilityGlobals) = postSolution
		SolutionGuid = {A576901F-61E2-4D3C-80F3-6FFC855C04E0}
	EndGlobalSection
EndGlobal
