
Microsoft Visual Studio Solution File, Format Version 12.00
# Visual Studio 15
VisualStudioVersion = 15.0.26730.12
MinimumVisualStudioVersion = 10.0.40219.1
Project("{FAE04EC0-301F-11D3-BF4B-00C04F79EFBC}") = "Intekseering", "Intekseering\Intekseering.csproj", "{3FC0F675-3F36-4E3D-9B74-61943E2DB9D5}"
EndProject
Global
	GlobalSection(SolutionConfigurationPlatforms) = preSolution
		Debug|Any CPU = Debug|Any CPU
		Release|Any CPU = Release|Any CPU
	EndGlobalSection
	GlobalSection(ProjectConfigurationPlatforms) = postSolution
		{3FC0F675-3F36-4E3D-9B74-61943E2DB9D5}.Debug|Any CPU.ActiveCfg = Debug|Any CPU
		{3FC0F675-3F36-4E3D-9B74-61943E2DB9D5}.Debug|Any CPU.Build.0 = Debug|Any CPU
		{3FC0F675-3F36-4E3D-9B74-61943E2DB9D5}.Release|Any CPU.ActiveCfg = Release|Any CPU
		{3FC0F675-3F36-4E3D-9B74-61943E2DB9D5}.Release|Any CPU.Build.0 = Release|Any CPU
	EndGlobalSection
	GlobalSection(SolutionProperties) = preSolution
		HideSolutionNode = FALSE
	EndGlobalSection
	GlobalSection(ExtensibilityGlobals) = postSolution
		SolutionGuid = {4E5AD811-1B24-4868-95D5-0DE6FB422979}
	EndGlobalSection
EndGlobal
