
Microsoft Visual Studio Solution File, Format Version 12.00
# Visual Studio 15
VisualStudioVersion = 15.0.26730.12
MinimumVisualStudioVersion = 10.0.40219.1
Project("{FAE04EC0-301F-11D3-BF4B-00C04F79EFBC}") = "HirmudeMaja", "HirmudeMaja\HirmudeMaja.csproj", "{256E6320-8589-4AF0-8CFE-60A9655768ED}"
EndProject
Global
	GlobalSection(SolutionConfigurationPlatforms) = preSolution
		Debug|Any CPU = Debug|Any CPU
		Release|Any CPU = Release|Any CPU
	EndGlobalSection
	GlobalSection(ProjectConfigurationPlatforms) = postSolution
		{256E6320-8589-4AF0-8CFE-60A9655768ED}.Debug|Any CPU.ActiveCfg = Debug|Any CPU
		{256E6320-8589-4AF0-8CFE-60A9655768ED}.Debug|Any CPU.Build.0 = Debug|Any CPU
		{256E6320-8589-4AF0-8CFE-60A9655768ED}.Release|Any CPU.ActiveCfg = Release|Any CPU
		{256E6320-8589-4AF0-8CFE-60A9655768ED}.Release|Any CPU.Build.0 = Release|Any CPU
	EndGlobalSection
	GlobalSection(SolutionProperties) = preSolution
		HideSolutionNode = FALSE
	EndGlobalSection
	GlobalSection(ExtensibilityGlobals) = postSolution
		SolutionGuid = {7DDA3DD6-8D9F-4DB3-B80B-FF2C46D3E9D2}
	EndGlobalSection
EndGlobal
